
Microsoft Visual Studio Solution File, Format Version 12.00
# Visual Studio 15
VisualStudioVersion = 15.0.28307.168
MinimumVisualStudioVersion = 10.0.40219.1
Project("{FAE04EC0-301F-11D3-BF4B-00C04F79EFBC}") = "C0732134-Assignment5", "C0732134-Assignment5\C0732134-Assignment5.csproj", "{86EA7AA0-3D35-4154-B9B4-E18576C98357}"
EndProject
Global
	GlobalSection(SolutionConfigurationPlatforms) = preSolution
		Debug|Any CPU = Debug|Any CPU
		Release|Any CPU = Release|Any CPU
	EndGlobalSection
	GlobalSection(ProjectConfigurationPlatforms) = postSolution
		{86EA7AA0-3D35-4154-B9B4-E18576C98357}.Debug|Any CPU.ActiveCfg = Debug|Any CPU
		{86EA7AA0-3D35-4154-B9B4-E18576C98357}.Debug|Any CPU.Build.0 = Debug|Any CPU
		{86EA7AA0-3D35-4154-B9B4-E18576C98357}.Release|Any CPU.ActiveCfg = Release|Any CPU
		{86EA7AA0-3D35-4154-B9B4-E18576C98357}.Release|Any CPU.Build.0 = Release|Any CPU
	EndGlobalSection
	GlobalSection(SolutionProperties) = preSolution
		HideSolutionNode = FALSE
	EndGlobalSection
	GlobalSection(ExtensibilityGlobals) = postSolution
		SolutionGuid = {DB6CC881-955A-460D-A512-1EA746AF426A}
	EndGlobalSection
EndGlobal
